
Microsoft Visual Studio Solution File, Format Version 12.00
# Visual Studio 2015
Project("{FAE04EC0-301F-11D3-BF4B-00C04F79EFBC}") = "CheckersLogic.CSharp", "CheckersLogic.CSharp.csproj", "{987D407B-D16E-6095-297C-F6A01C8C72B8}"
EndProject
Global
	GlobalSection(SolutionConfigurationPlatforms) = preSolution
		Debug|Any CPU = Debug|Any CPU
		Release|Any CPU = Release|Any CPU
	EndGlobalSection
	GlobalSection(ProjectConfigurationPlatforms) = postSolution
		{987D407B-D16E-6095-297C-F6A01C8C72B8}.Debug|Any CPU.ActiveCfg = Debug|Any CPU
		{987D407B-D16E-6095-297C-F6A01C8C72B8}.Debug|Any CPU.Build.0 = Debug|Any CPU
		{987D407B-D16E-6095-297C-F6A01C8C72B8}.Release|Any CPU.ActiveCfg = Release|Any CPU
		{987D407B-D16E-6095-297C-F6A01C8C72B8}.Release|Any CPU.Build.0 = Release|Any CPU
	EndGlobalSection
	GlobalSection(SolutionProperties) = preSolution
		HideSolutionNode = FALSE
	EndGlobalSection
EndGlobal
